
Microsoft Visual Studio Solution File, Format Version 12.00
# Visual Studio Version 16
VisualStudioVersion = 16.0.31424.327
MinimumVisualStudioVersion = 10.0.40219.1
Project("{FAE04EC0-301F-11D3-BF4B-00C04F79EFBC}") = "ONTI2019", "ONTI2019.csproj", "{0DD12532-ED7D-48C4-8E0C-F9103E74757C}"
EndProject
Global
	GlobalSection(SolutionConfigurationPlatforms) = preSolution
		Debug|Any CPU = Debug|Any CPU
		Release|Any CPU = Release|Any CPU
	EndGlobalSection
	GlobalSection(ProjectConfigurationPlatforms) = postSolution
		{0DD12532-ED7D-48C4-8E0C-F9103E74757C}.Debug|Any CPU.ActiveCfg = Debug|Any CPU
		{0DD12532-ED7D-48C4-8E0C-F9103E74757C}.Debug|Any CPU.Build.0 = Debug|Any CPU
		{0DD12532-ED7D-48C4-8E0C-F9103E74757C}.Release|Any CPU.ActiveCfg = Release|Any CPU
		{0DD12532-ED7D-48C4-8E0C-F9103E74757C}.Release|Any CPU.Build.0 = Release|Any CPU
	EndGlobalSection
	GlobalSection(SolutionProperties) = preSolution
		HideSolutionNode = FALSE
	EndGlobalSection
	GlobalSection(ExtensibilityGlobals) = postSolution
		SolutionGuid = {F4DA5EFD-4C7C-441E-AF2F-B59056E04578}
	EndGlobalSection
EndGlobal
